
Microsoft Visual Studio Solution File, Format Version 12.00
# Visual Studio Version 17
VisualStudioVersion = 17.5.33627.172
MinimumVisualStudioVersion = 10.0.40219.1
Project("{9A19103F-16F7-4668-BE54-9A1E7A4F7556}") = "BlazorShopDemo2.ServerApp", "BlazorShopDemo2.ServerApp\BlazorShopDemo2.ServerApp.csproj", "{49E4D709-09FB-40F7-9164-329A3F7B6989}"
EndProject
Project("{9A19103F-16F7-4668-BE54-9A1E7A4F7556}") = "BlazorShopDemo2.ClientApp", "BlazorShopDemo2.ClientApp\BlazorShopDemo2.ClientApp.csproj", "{DD5A7503-BF98-4BDB-8E8E-5E401EA14505}"
EndProject
Project("{9A19103F-16F7-4668-BE54-9A1E7A4F7556}") = "BlazorShopDemo2.Models", "BlazorShopDemo2.Models\BlazorShopDemo2.Models.csproj", "{2E70D312-7821-4378-8E61-1E018E35A616}"
EndProject
Project("{9A19103F-16F7-4668-BE54-9A1E7A4F7556}") = "BlazorShopDemo2.Common", "BlazorShopDemo2.Common\BlazorShopDemo2.Common.csproj", "{4EA744E9-21D0-444B-BC79-A620E8E7E0E1}"
EndProject
Project("{9A19103F-16F7-4668-BE54-9A1E7A4F7556}") = "BlazorShopDemo2.Business", "BlazorShopDemo2.Business\BlazorShopDemo2.Business.csproj", "{5EC5E236-8A92-4971-A2E2-29D5C0229353}"
EndProject
Project("{9A19103F-16F7-4668-BE54-9A1E7A4F7556}") = "BlazorShopDemo2.DataAccess", "BlazorShopDemo2.DataAccess\BlazorShopDemo2.DataAccess.csproj", "{B7D3A4CA-9D2C-4F82-ACB6-3C98A642AAA3}"
EndProject
Project("{FAE04EC0-301F-11D3-BF4B-00C04F79EFBC}") = "BlazorShopDemo2.Api", "BlazorShop2.Api\BlazorShopDemo2.Api.csproj", "{3DD68C7C-48DC-43C2-9823-13262DFA0E8D}"
EndProject
Project("{2150E333-8FDC-42A3-9474-1A3956D46DE8}") = "Client", "Client", "{D287CAAF-FA7C-4314-BA11-16D935C6C5DD}"
EndProject
Project("{2150E333-8FDC-42A3-9474-1A3956D46DE8}") = "Api", "Api", "{634F45F5-8CF7-448F-8C15-ACCCA7D992C5}"
EndProject
Project("{2150E333-8FDC-42A3-9474-1A3956D46DE8}") = "Domain", "Domain", "{28E11B64-B6E0-466F-B7FF-158FD2398816}"
EndProject
Global
	GlobalSection(SolutionConfigurationPlatforms) = preSolution
		Debug|Any CPU = Debug|Any CPU
		Release|Any CPU = Release|Any CPU
	EndGlobalSection
	GlobalSection(ProjectConfigurationPlatforms) = postSolution
		{49E4D709-09FB-40F7-9164-329A3F7B6989}.Debug|Any CPU.ActiveCfg = Debug|Any CPU
		{49E4D709-09FB-40F7-9164-329A3F7B6989}.Debug|Any CPU.Build.0 = Debug|Any CPU
		{49E4D709-09FB-40F7-9164-329A3F7B6989}.Release|Any CPU.ActiveCfg = Release|Any CPU
		{49E4D709-09FB-40F7-9164-329A3F7B6989}.Release|Any CPU.Build.0 = Release|Any CPU
		{DD5A7503-BF98-4BDB-8E8E-5E401EA14505}.Debug|Any CPU.ActiveCfg = Debug|Any CPU
		{DD5A7503-BF98-4BDB-8E8E-5E401EA14505}.Debug|Any CPU.Build.0 = Debug|Any CPU
		{DD5A7503-BF98-4BDB-8E8E-5E401EA14505}.Release|Any CPU.ActiveCfg = Release|Any CPU
		{DD5A7503-BF98-4BDB-8E8E-5E401EA14505}.Release|Any CPU.Build.0 = Release|Any CPU
		{2E70D312-7821-4378-8E61-1E018E35A616}.Debug|Any CPU.ActiveCfg = Debug|Any CPU
		{2E70D312-7821-4378-8E61-1E018E35A616}.Debug|Any CPU.Build.0 = Debug|Any CPU
		{2E70D312-7821-4378-8E61-1E018E35A616}.Release|Any CPU.ActiveCfg = Release|Any CPU
		{2E70D312-7821-4378-8E61-1E018E35A616}.Release|Any CPU.Build.0 = Release|Any CPU
		{4EA744E9-21D0-444B-BC79-A620E8E7E0E1}.Debug|Any CPU.ActiveCfg = Debug|Any CPU
		{4EA744E9-21D0-444B-BC79-A620E8E7E0E1}.Debug|Any CPU.Build.0 = Debug|Any CPU
		{4EA744E9-21D0-444B-BC79-A620E8E7E0E1}.Release|Any CPU.ActiveCfg = Release|Any CPU
		{4EA744E9-21D0-444B-BC79-A620E8E7E0E1}.Release|Any CPU.Build.0 = Release|Any CPU
		{5EC5E236-8A92-4971-A2E2-29D5C0229353}.Debug|Any CPU.ActiveCfg = Debug|Any CPU
		{5EC5E236-8A92-4971-A2E2-29D5C0229353}.Debug|Any CPU.Build.0 = Debug|Any CPU
		{5EC5E236-8A92-4971-A2E2-29D5C0229353}.Release|Any CPU.ActiveCfg = Release|Any CPU
		{5EC5E236-8A92-4971-A2E2-29D5C0229353}.Release|Any CPU.Build.0 = Release|Any CPU
		{B7D3A4CA-9D2C-4F82-ACB6-3C98A642AAA3}.Debug|Any CPU.ActiveCfg = Debug|Any CPU
		{B7D3A4CA-9D2C-4F82-ACB6-3C98A642AAA3}.Debug|Any CPU.Build.0 = Debug|Any CPU
		{B7D3A4CA-9D2C-4F82-ACB6-3C98A642AAA3}.Release|Any CPU.ActiveCfg = Release|Any CPU
		{B7D3A4CA-9D2C-4F82-ACB6-3C98A642AAA3}.Release|Any CPU.Build.0 = Release|Any CPU
		{3DD68C7C-48DC-43C2-9823-13262DFA0E8D}.Debug|Any CPU.ActiveCfg = Debug|Any CPU
		{3DD68C7C-48DC-43C2-9823-13262DFA0E8D}.Debug|Any CPU.Build.0 = Debug|Any CPU
		{3DD68C7C-48DC-43C2-9823-13262DFA0E8D}.Release|Any CPU.ActiveCfg = Release|Any CPU
		{3DD68C7C-48DC-43C2-9823-13262DFA0E8D}.Release|Any CPU.Build.0 = Release|Any CPU
	EndGlobalSection
	GlobalSection(SolutionProperties) = preSolution
		HideSolutionNode = FALSE
	EndGlobalSection
	GlobalSection(NestedProjects) = preSolution
		{49E4D709-09FB-40F7-9164-329A3F7B6989} = {D287CAAF-FA7C-4314-BA11-16D935C6C5DD}
		{DD5A7503-BF98-4BDB-8E8E-5E401EA14505} = {D287CAAF-FA7C-4314-BA11-16D935C6C5DD}
		{2E70D312-7821-4378-8E61-1E018E35A616} = {28E11B64-B6E0-466F-B7FF-158FD2398816}
		{5EC5E236-8A92-4971-A2E2-29D5C0229353} = {28E11B64-B6E0-466F-B7FF-158FD2398816}
		{3DD68C7C-48DC-43C2-9823-13262DFA0E8D} = {634F45F5-8CF7-448F-8C15-ACCCA7D992C5}
	EndGlobalSection
	GlobalSection(ExtensibilityGlobals) = postSolution
		SolutionGuid = {6307C543-F836-48B6-8A45-991E55113058}
	EndGlobalSection
EndGlobal
